
Microsoft Visual Studio Solution File, Format Version 12.00
# Visual Studio Version 17
VisualStudioVersion = 17.0.31612.314
MinimumVisualStudioVersion = 10.0.40219.1
Project("{FAE04EC0-301F-11D3-BF4B-00C04F79EFBC}") = "base-test-mvc", "base-test-mvc.csproj", "{0C52107E-7347-4E03-B0E0-932BA210987A}"
EndProject
Global
	GlobalSection(SolutionConfigurationPlatforms) = preSolution
		Debug|Any CPU = Debug|Any CPU
		Release|Any CPU = Release|Any CPU
	EndGlobalSection
	GlobalSection(ProjectConfigurationPlatforms) = postSolution
		{0C52107E-7347-4E03-B0E0-932BA210987A}.Debug|Any CPU.ActiveCfg = Debug|Any CPU
		{0C52107E-7347-4E03-B0E0-932BA210987A}.Debug|Any CPU.Build.0 = Debug|Any CPU
		{0C52107E-7347-4E03-B0E0-932BA210987A}.Release|Any CPU.ActiveCfg = Release|Any CPU
		{0C52107E-7347-4E03-B0E0-932BA210987A}.Release|Any CPU.Build.0 = Release|Any CPU
	EndGlobalSection
	GlobalSection(SolutionProperties) = preSolution
		HideSolutionNode = FALSE
	EndGlobalSection
	GlobalSection(ExtensibilityGlobals) = postSolution
		SolutionGuid = {57A7B1A5-41AF-4702-9691-9693ECCCE705}
	EndGlobalSection
EndGlobal
